
Microsoft Visual Studio Solution File, Format Version 12.00
# Visual Studio Version 17
VisualStudioVersion = 17.11.35219.272
MinimumVisualStudioVersion = 10.0.40219.1
Project("{FAE04EC0-301F-11D3-BF4B-00C04F79EFBC}") = "inkapslingArvPolymorfism", "inkapslingArvPolymorfism\inkapslingArvPolymorfism.csproj", "{D779FD00-2129-45BC-A255-7030271444CD}"
EndProject
Global
	GlobalSection(SolutionConfigurationPlatforms) = preSolution
		Debug|Any CPU = Debug|Any CPU
		Release|Any CPU = Release|Any CPU
	EndGlobalSection
	GlobalSection(ProjectConfigurationPlatforms) = postSolution
		{D779FD00-2129-45BC-A255-7030271444CD}.Debug|Any CPU.ActiveCfg = Debug|Any CPU
		{D779FD00-2129-45BC-A255-7030271444CD}.Debug|Any CPU.Build.0 = Debug|Any CPU
		{D779FD00-2129-45BC-A255-7030271444CD}.Release|Any CPU.ActiveCfg = Release|Any CPU
		{D779FD00-2129-45BC-A255-7030271444CD}.Release|Any CPU.Build.0 = Release|Any CPU
	EndGlobalSection
	GlobalSection(SolutionProperties) = preSolution
		HideSolutionNode = FALSE
	EndGlobalSection
	GlobalSection(ExtensibilityGlobals) = postSolution
		SolutionGuid = {FC9F8C31-D36F-44B9-A695-11D5CC54D4AE}
	EndGlobalSection
EndGlobal
